
Microsoft Visual Studio Solution File, Format Version 12.00
# Visual Studio 14
VisualStudioVersion = 14.0.25123.0
MinimumVisualStudioVersion = 10.0.40219.1
Project("{FAE04EC0-301F-11D3-BF4B-00C04F79EFBC}") = "Barly", "Barly\Barly.csproj", "{C4C4F8C8-02C2-4226-9D16-CC63B7F6B280}"
EndProject
Project("{FAE04EC0-301F-11D3-BF4B-00C04F79EFBC}") = "Barly.Business", "Barly.Business\Barly.Business.csproj", "{8838BD83-DB2F-44A8-9580-B78237F12212}"
EndProject
Project("{FAE04EC0-301F-11D3-BF4B-00C04F79EFBC}") = "RowShare.API", "RowShare.API\RowShare.API.csproj", "{C4896CCA-82C7-4D75-A02C-9021E4F863F3}"
EndProject
Global
	GlobalSection(SolutionConfigurationPlatforms) = preSolution
		Debug|Any CPU = Debug|Any CPU
		Release|Any CPU = Release|Any CPU
	EndGlobalSection
	GlobalSection(ProjectConfigurationPlatforms) = postSolution
		{C4C4F8C8-02C2-4226-9D16-CC63B7F6B280}.Debug|Any CPU.ActiveCfg = Debug|Any CPU
		{C4C4F8C8-02C2-4226-9D16-CC63B7F6B280}.Debug|Any CPU.Build.0 = Debug|Any CPU
		{C4C4F8C8-02C2-4226-9D16-CC63B7F6B280}.Release|Any CPU.ActiveCfg = Release|Any CPU
		{C4C4F8C8-02C2-4226-9D16-CC63B7F6B280}.Release|Any CPU.Build.0 = Release|Any CPU
		{8838BD83-DB2F-44A8-9580-B78237F12212}.Debug|Any CPU.ActiveCfg = Debug|Any CPU
		{8838BD83-DB2F-44A8-9580-B78237F12212}.Debug|Any CPU.Build.0 = Debug|Any CPU
		{8838BD83-DB2F-44A8-9580-B78237F12212}.Release|Any CPU.ActiveCfg = Release|Any CPU
		{8838BD83-DB2F-44A8-9580-B78237F12212}.Release|Any CPU.Build.0 = Release|Any CPU
		{C4896CCA-82C7-4D75-A02C-9021E4F863F3}.Debug|Any CPU.ActiveCfg = Debug|Any CPU
		{C4896CCA-82C7-4D75-A02C-9021E4F863F3}.Debug|Any CPU.Build.0 = Debug|Any CPU
		{C4896CCA-82C7-4D75-A02C-9021E4F863F3}.Release|Any CPU.ActiveCfg = Release|Any CPU
		{C4896CCA-82C7-4D75-A02C-9021E4F863F3}.Release|Any CPU.Build.0 = Release|Any CPU
	EndGlobalSection
	GlobalSection(SolutionProperties) = preSolution
		HideSolutionNode = FALSE
	EndGlobalSection
EndGlobal
